
Microsoft Visual Studio Solution File, Format Version 12.00
# Visual Studio Version 17
VisualStudioVersion = 17.8.34330.188
MinimumVisualStudioVersion = 10.0.40219.1
Project("{FAE04EC0-301F-11D3-BF4B-00C04F79EFBC}") = "Identity Service", "Identity Service\Identity Service.csproj", "{B949FC93-4A33-4FA2-B71C-62622E834428}"
EndProject
Project("{FAE04EC0-301F-11D3-BF4B-00C04F79EFBC}") = "Infrastructure", "Infrastructure\Infrastructure.csproj", "{2320046B-CF58-4F73-9CC4-F2C1304837C0}"
EndProject
Project("{FAE04EC0-301F-11D3-BF4B-00C04F79EFBC}") = "Domain", "Domain\Domain.csproj", "{4DCD20BB-E7D8-45A7-B7D5-BCC1D48D7D7F}"
EndProject
Project("{FAE04EC0-301F-11D3-BF4B-00C04F79EFBC}") = "Application", "Application\Application.csproj", "{9ACA57E4-D0CE-45AD-978C-4DE0F8708BBB}"
EndProject
Global
	GlobalSection(SolutionConfigurationPlatforms) = preSolution
		Debug|Any CPU = Debug|Any CPU
		Release|Any CPU = Release|Any CPU
	EndGlobalSection
	GlobalSection(ProjectConfigurationPlatforms) = postSolution
		{B949FC93-4A33-4FA2-B71C-62622E834428}.Debug|Any CPU.ActiveCfg = Debug|Any CPU
		{B949FC93-4A33-4FA2-B71C-62622E834428}.Debug|Any CPU.Build.0 = Debug|Any CPU
		{B949FC93-4A33-4FA2-B71C-62622E834428}.Release|Any CPU.ActiveCfg = Release|Any CPU
		{B949FC93-4A33-4FA2-B71C-62622E834428}.Release|Any CPU.Build.0 = Release|Any CPU
		{2320046B-CF58-4F73-9CC4-F2C1304837C0}.Debug|Any CPU.ActiveCfg = Debug|Any CPU
		{2320046B-CF58-4F73-9CC4-F2C1304837C0}.Debug|Any CPU.Build.0 = Debug|Any CPU
		{2320046B-CF58-4F73-9CC4-F2C1304837C0}.Release|Any CPU.ActiveCfg = Release|Any CPU
		{2320046B-CF58-4F73-9CC4-F2C1304837C0}.Release|Any CPU.Build.0 = Release|Any CPU
		{4DCD20BB-E7D8-45A7-B7D5-BCC1D48D7D7F}.Debug|Any CPU.ActiveCfg = Debug|Any CPU
		{4DCD20BB-E7D8-45A7-B7D5-BCC1D48D7D7F}.Debug|Any CPU.Build.0 = Debug|Any CPU
		{4DCD20BB-E7D8-45A7-B7D5-BCC1D48D7D7F}.Release|Any CPU.ActiveCfg = Release|Any CPU
		{4DCD20BB-E7D8-45A7-B7D5-BCC1D48D7D7F}.Release|Any CPU.Build.0 = Release|Any CPU
		{9ACA57E4-D0CE-45AD-978C-4DE0F8708BBB}.Debug|Any CPU.ActiveCfg = Debug|Any CPU
		{9ACA57E4-D0CE-45AD-978C-4DE0F8708BBB}.Debug|Any CPU.Build.0 = Debug|Any CPU
		{9ACA57E4-D0CE-45AD-978C-4DE0F8708BBB}.Release|Any CPU.ActiveCfg = Release|Any CPU
		{9ACA57E4-D0CE-45AD-978C-4DE0F8708BBB}.Release|Any CPU.Build.0 = Release|Any CPU
	EndGlobalSection
	GlobalSection(SolutionProperties) = preSolution
		HideSolutionNode = FALSE
	EndGlobalSection
	GlobalSection(ExtensibilityGlobals) = postSolution
		SolutionGuid = {844BFA67-6AB9-48B2-BFA9-26ABFC1D8B37}
	EndGlobalSection
EndGlobal
